
Microsoft Visual Studio Solution File, Format Version 12.00
# Visual Studio 15
VisualStudioVersion = 15.0.26124.0
MinimumVisualStudioVersion = 15.0.26124.0
Project("{FAE04EC0-301F-11D3-BF4B-00C04F79EFBC}") = "SingleSignOn", "SingleSignOn\SingleSignOn.csproj", "{56DBB575-3763-46A8-AC37-904DBB2442C9}"
EndProject
Project("{FAE04EC0-301F-11D3-BF4B-00C04F79EFBC}") = "SingleSignOn.Api.Tests", "SingleSignOn.Api.Tests\SingleSignOn.Api.Tests.csproj", "{559D5A72-8107-47D0-AFA2-63588B26BE61}"
EndProject
Project("{FAE04EC0-301F-11D3-BF4B-00C04F79EFBC}") = "SingleSignOn.Data", "SingleSignOn.Data\SingleSignOn.Data.csproj", "{CED74313-821D-41F8-A726-437173A54450}"
EndProject
Project("{FAE04EC0-301F-11D3-BF4B-00C04F79EFBC}") = "SingleSignOn.Domain", "SingleSignOn.Domain\SingleSignOn.Domain.csproj", "{EF684543-7155-4391-8DC9-539305F565FF}"
EndProject
Project("{FAE04EC0-301F-11D3-BF4B-00C04F79EFBC}") = "SingleSignOn.Domain.Tests", "SingleSignOn.Domain.Tests\SingleSignOn.Domain.Tests.csproj", "{AAD2068F-E127-4A75-8E16-745E2674AEF1}"
EndProject
Project("{FAE04EC0-301F-11D3-BF4B-00C04F79EFBC}") = "SingleSignOn.StartupServices", "SingleSignOn.StartupServices\SingleSignOn.StartupServices.csproj", "{5ACE27ED-7214-472E-9C97-652097DA5489}"
EndProject
Project("{FAE04EC0-301F-11D3-BF4B-00C04F79EFBC}") = "SingleSignOn.Tests.Shared", "SingleSignOn.Tests.Shared\SingleSignOn.Tests.Shared.csproj", "{B007841C-39B4-4908-A0A7-292172C8B279}"
EndProject
Project("{FAE04EC0-301F-11D3-BF4B-00C04F79EFBC}") = "SingleSignOn.Utils", "SingleSignOn.Utils\SingleSignOn.Utils.csproj", "{1B21B0C4-BC8D-4CE5-A917-839D227FD8CB}"
EndProject
Project("{2150E333-8FDC-42A3-9474-1A3956D46DE8}") = "src", "src", "{658AD530-7B57-11EA-8971-4502819EAACF}"
EndProject
Project("{2150E333-8FDC-42A3-9474-1A3956D46DE8}") = "tests", "tests", "{69CF5CB0-7B57-11EA-8971-4502819EAACF}"
EndProject
Project("{2150E333-8FDC-42A3-9474-1A3956D46DE8}") = "API", "API", "{A20A0BC0-7B57-11EA-8971-4502819EAACF}"
EndProject
Project("{2150E333-8FDC-42A3-9474-1A3956D46DE8}") = "Domain", "Domain", "{AEC6B250-7B57-11EA-8971-4502819EAACF}"
EndProject
Project("{2150E333-8FDC-42A3-9474-1A3956D46DE8}") = "Infrastructure", "Infrastructure", "{BA3C59F0-7B57-11EA-8971-4502819EAACF}"
EndProject
Project("{2150E333-8FDC-42A3-9474-1A3956D46DE8}") = "Data", "Data", "{C293D1A0-7B57-11EA-8971-4502819EAACF}"
EndProject
Project("{FAE04EC0-301F-11D3-BF4B-00C04F79EFBC}") = "SingleSignOn.Caching", "SingleSignOn.Caching\SingleSignOn.Caching.csproj", "{89A29FD5-A10B-4570-AEA0-92C58EA81CB7}"
EndProject
Project("{2150E333-8FDC-42A3-9474-1A3956D46DE8}") = "StartupServices", "StartupServices", "{0F8D7A10-7B58-11EA-8971-4502819EAACF}"
EndProject
Global
	GlobalSection(SolutionConfigurationPlatforms) = preSolution
		Debug|Any CPU = Debug|Any CPU
		Debug|x64 = Debug|x64
		Debug|x86 = Debug|x86
		Release|Any CPU = Release|Any CPU
		Release|x64 = Release|x64
		Release|x86 = Release|x86
	EndGlobalSection
	GlobalSection(SolutionProperties) = preSolution
		HideSolutionNode = FALSE
	EndGlobalSection
	GlobalSection(ProjectConfigurationPlatforms) = postSolution
		{56DBB575-3763-46A8-AC37-904DBB2442C9}.Debug|Any CPU.ActiveCfg = Debug|Any CPU
		{56DBB575-3763-46A8-AC37-904DBB2442C9}.Debug|Any CPU.Build.0 = Debug|Any CPU
		{56DBB575-3763-46A8-AC37-904DBB2442C9}.Debug|x64.ActiveCfg = Debug|Any CPU
		{56DBB575-3763-46A8-AC37-904DBB2442C9}.Debug|x64.Build.0 = Debug|Any CPU
		{56DBB575-3763-46A8-AC37-904DBB2442C9}.Debug|x86.ActiveCfg = Debug|Any CPU
		{56DBB575-3763-46A8-AC37-904DBB2442C9}.Debug|x86.Build.0 = Debug|Any CPU
		{56DBB575-3763-46A8-AC37-904DBB2442C9}.Release|Any CPU.ActiveCfg = Release|Any CPU
		{56DBB575-3763-46A8-AC37-904DBB2442C9}.Release|Any CPU.Build.0 = Release|Any CPU
		{56DBB575-3763-46A8-AC37-904DBB2442C9}.Release|x64.ActiveCfg = Release|Any CPU
		{56DBB575-3763-46A8-AC37-904DBB2442C9}.Release|x64.Build.0 = Release|Any CPU
		{56DBB575-3763-46A8-AC37-904DBB2442C9}.Release|x86.ActiveCfg = Release|Any CPU
		{56DBB575-3763-46A8-AC37-904DBB2442C9}.Release|x86.Build.0 = Release|Any CPU
		{559D5A72-8107-47D0-AFA2-63588B26BE61}.Debug|Any CPU.ActiveCfg = Debug|Any CPU
		{559D5A72-8107-47D0-AFA2-63588B26BE61}.Debug|Any CPU.Build.0 = Debug|Any CPU
		{559D5A72-8107-47D0-AFA2-63588B26BE61}.Debug|x64.ActiveCfg = Debug|Any CPU
		{559D5A72-8107-47D0-AFA2-63588B26BE61}.Debug|x64.Build.0 = Debug|Any CPU
		{559D5A72-8107-47D0-AFA2-63588B26BE61}.Debug|x86.ActiveCfg = Debug|Any CPU
		{559D5A72-8107-47D0-AFA2-63588B26BE61}.Debug|x86.Build.0 = Debug|Any CPU
		{559D5A72-8107-47D0-AFA2-63588B26BE61}.Release|Any CPU.ActiveCfg = Release|Any CPU
		{559D5A72-8107-47D0-AFA2-63588B26BE61}.Release|Any CPU.Build.0 = Release|Any CPU
		{559D5A72-8107-47D0-AFA2-63588B26BE61}.Release|x64.ActiveCfg = Release|Any CPU
		{559D5A72-8107-47D0-AFA2-63588B26BE61}.Release|x64.Build.0 = Release|Any CPU
		{559D5A72-8107-47D0-AFA2-63588B26BE61}.Release|x86.ActiveCfg = Release|Any CPU
		{559D5A72-8107-47D0-AFA2-63588B26BE61}.Release|x86.Build.0 = Release|Any CPU
		{CED74313-821D-41F8-A726-437173A54450}.Debug|Any CPU.ActiveCfg = Debug|Any CPU
		{CED74313-821D-41F8-A726-437173A54450}.Debug|Any CPU.Build.0 = Debug|Any CPU
		{CED74313-821D-41F8-A726-437173A54450}.Debug|x64.ActiveCfg = Debug|Any CPU
		{CED74313-821D-41F8-A726-437173A54450}.Debug|x64.Build.0 = Debug|Any CPU
		{CED74313-821D-41F8-A726-437173A54450}.Debug|x86.ActiveCfg = Debug|Any CPU
		{CED74313-821D-41F8-A726-437173A54450}.Debug|x86.Build.0 = Debug|Any CPU
		{CED74313-821D-41F8-A726-437173A54450}.Release|Any CPU.ActiveCfg = Release|Any CPU
		{CED74313-821D-41F8-A726-437173A54450}.Release|Any CPU.Build.0 = Release|Any CPU
		{CED74313-821D-41F8-A726-437173A54450}.Release|x64.ActiveCfg = Release|Any CPU
		{CED74313-821D-41F8-A726-437173A54450}.Release|x64.Build.0 = Release|Any CPU
		{CED74313-821D-41F8-A726-437173A54450}.Release|x86.ActiveCfg = Release|Any CPU
		{CED74313-821D-41F8-A726-437173A54450}.Release|x86.Build.0 = Release|Any CPU
		{EF684543-7155-4391-8DC9-539305F565FF}.Debug|Any CPU.ActiveCfg = Debug|Any CPU
		{EF684543-7155-4391-8DC9-539305F565FF}.Debug|Any CPU.Build.0 = Debug|Any CPU
		{EF684543-7155-4391-8DC9-539305F565FF}.Debug|x64.ActiveCfg = Debug|Any CPU
		{EF684543-7155-4391-8DC9-539305F565FF}.Debug|x64.Build.0 = Debug|Any CPU
		{EF684543-7155-4391-8DC9-539305F565FF}.Debug|x86.ActiveCfg = Debug|Any CPU
		{EF684543-7155-4391-8DC9-539305F565FF}.Debug|x86.Build.0 = Debug|Any CPU
		{EF684543-7155-4391-8DC9-539305F565FF}.Release|Any CPU.ActiveCfg = Release|Any CPU
		{EF684543-7155-4391-8DC9-539305F565FF}.Release|Any CPU.Build.0 = Release|Any CPU
		{EF684543-7155-4391-8DC9-539305F565FF}.Release|x64.ActiveCfg = Release|Any CPU
		{EF684543-7155-4391-8DC9-539305F565FF}.Release|x64.Build.0 = Release|Any CPU
		{EF684543-7155-4391-8DC9-539305F565FF}.Release|x86.ActiveCfg = Release|Any CPU
		{EF684543-7155-4391-8DC9-539305F565FF}.Release|x86.Build.0 = Release|Any CPU
		{AAD2068F-E127-4A75-8E16-745E2674AEF1}.Debug|Any CPU.ActiveCfg = Debug|Any CPU
		{AAD2068F-E127-4A75-8E16-745E2674AEF1}.Debug|Any CPU.Build.0 = Debug|Any CPU
		{AAD2068F-E127-4A75-8E16-745E2674AEF1}.Debug|x64.ActiveCfg = Debug|Any CPU
		{AAD2068F-E127-4A75-8E16-745E2674AEF1}.Debug|x64.Build.0 = Debug|Any CPU
		{AAD2068F-E127-4A75-8E16-745E2674AEF1}.Debug|x86.ActiveCfg = Debug|Any CPU
		{AAD2068F-E127-4A75-8E16-745E2674AEF1}.Debug|x86.Build.0 = Debug|Any CPU
		{AAD2068F-E127-4A75-8E16-745E2674AEF1}.Release|Any CPU.ActiveCfg = Release|Any CPU
		{AAD2068F-E127-4A75-8E16-745E2674AEF1}.Release|Any CPU.Build.0 = Release|Any CPU
		{AAD2068F-E127-4A75-8E16-745E2674AEF1}.Release|x64.ActiveCfg = Release|Any CPU
		{AAD2068F-E127-4A75-8E16-745E2674AEF1}.Release|x64.Build.0 = Release|Any CPU
		{AAD2068F-E127-4A75-8E16-745E2674AEF1}.Release|x86.ActiveCfg = Release|Any CPU
		{AAD2068F-E127-4A75-8E16-745E2674AEF1}.Release|x86.Build.0 = Release|Any CPU
		{5ACE27ED-7214-472E-9C97-652097DA5489}.Debug|Any CPU.ActiveCfg = Debug|Any CPU
		{5ACE27ED-7214-472E-9C97-652097DA5489}.Debug|Any CPU.Build.0 = Debug|Any CPU
		{5ACE27ED-7214-472E-9C97-652097DA5489}.Debug|x64.ActiveCfg = Debug|Any CPU
		{5ACE27ED-7214-472E-9C97-652097DA5489}.Debug|x64.Build.0 = Debug|Any CPU
		{5ACE27ED-7214-472E-9C97-652097DA5489}.Debug|x86.ActiveCfg = Debug|Any CPU
		{5ACE27ED-7214-472E-9C97-652097DA5489}.Debug|x86.Build.0 = Debug|Any CPU
		{5ACE27ED-7214-472E-9C97-652097DA5489}.Release|Any CPU.ActiveCfg = Release|Any CPU
		{5ACE27ED-7214-472E-9C97-652097DA5489}.Release|Any CPU.Build.0 = Release|Any CPU
		{5ACE27ED-7214-472E-9C97-652097DA5489}.Release|x64.ActiveCfg = Release|Any CPU
		{5ACE27ED-7214-472E-9C97-652097DA5489}.Release|x64.Build.0 = Release|Any CPU
		{5ACE27ED-7214-472E-9C97-652097DA5489}.Release|x86.ActiveCfg = Release|Any CPU
		{5ACE27ED-7214-472E-9C97-652097DA5489}.Release|x86.Build.0 = Release|Any CPU
		{B007841C-39B4-4908-A0A7-292172C8B279}.Debug|Any CPU.ActiveCfg = Debug|Any CPU
		{B007841C-39B4-4908-A0A7-292172C8B279}.Debug|Any CPU.Build.0 = Debug|Any CPU
		{B007841C-39B4-4908-A0A7-292172C8B279}.Debug|x64.ActiveCfg = Debug|Any CPU
		{B007841C-39B4-4908-A0A7-292172C8B279}.Debug|x64.Build.0 = Debug|Any CPU
		{B007841C-39B4-4908-A0A7-292172C8B279}.Debug|x86.ActiveCfg = Debug|Any CPU
		{B007841C-39B4-4908-A0A7-292172C8B279}.Debug|x86.Build.0 = Debug|Any CPU
		{B007841C-39B4-4908-A0A7-292172C8B279}.Release|Any CPU.ActiveCfg = Release|Any CPU
		{B007841C-39B4-4908-A0A7-292172C8B279}.Release|Any CPU.Build.0 = Release|Any CPU
		{B007841C-39B4-4908-A0A7-292172C8B279}.Release|x64.ActiveCfg = Release|Any CPU
		{B007841C-39B4-4908-A0A7-292172C8B279}.Release|x64.Build.0 = Release|Any CPU
		{B007841C-39B4-4908-A0A7-292172C8B279}.Release|x86.ActiveCfg = Release|Any CPU
		{B007841C-39B4-4908-A0A7-292172C8B279}.Release|x86.Build.0 = Release|Any CPU
		{1B21B0C4-BC8D-4CE5-A917-839D227FD8CB}.Debug|Any CPU.ActiveCfg = Debug|Any CPU
		{1B21B0C4-BC8D-4CE5-A917-839D227FD8CB}.Debug|Any CPU.Build.0 = Debug|Any CPU
		{1B21B0C4-BC8D-4CE5-A917-839D227FD8CB}.Debug|x64.ActiveCfg = Debug|Any CPU
		{1B21B0C4-BC8D-4CE5-A917-839D227FD8CB}.Debug|x64.Build.0 = Debug|Any CPU
		{1B21B0C4-BC8D-4CE5-A917-839D227FD8CB}.Debug|x86.ActiveCfg = Debug|Any CPU
		{1B21B0C4-BC8D-4CE5-A917-839D227FD8CB}.Debug|x86.Build.0 = Debug|Any CPU
		{1B21B0C4-BC8D-4CE5-A917-839D227FD8CB}.Release|Any CPU.ActiveCfg = Release|Any CPU
		{1B21B0C4-BC8D-4CE5-A917-839D227FD8CB}.Release|Any CPU.Build.0 = Release|Any CPU
		{1B21B0C4-BC8D-4CE5-A917-839D227FD8CB}.Release|x64.ActiveCfg = Release|Any CPU
		{1B21B0C4-BC8D-4CE5-A917-839D227FD8CB}.Release|x64.Build.0 = Release|Any CPU
		{1B21B0C4-BC8D-4CE5-A917-839D227FD8CB}.Release|x86.ActiveCfg = Release|Any CPU
		{1B21B0C4-BC8D-4CE5-A917-839D227FD8CB}.Release|x86.Build.0 = Release|Any CPU
		{89A29FD5-A10B-4570-AEA0-92C58EA81CB7}.Debug|Any CPU.ActiveCfg = Debug|Any CPU
		{89A29FD5-A10B-4570-AEA0-92C58EA81CB7}.Debug|Any CPU.Build.0 = Debug|Any CPU
		{89A29FD5-A10B-4570-AEA0-92C58EA81CB7}.Debug|x64.ActiveCfg = Debug|Any CPU
		{89A29FD5-A10B-4570-AEA0-92C58EA81CB7}.Debug|x64.Build.0 = Debug|Any CPU
		{89A29FD5-A10B-4570-AEA0-92C58EA81CB7}.Debug|x86.ActiveCfg = Debug|Any CPU
		{89A29FD5-A10B-4570-AEA0-92C58EA81CB7}.Debug|x86.Build.0 = Debug|Any CPU
		{89A29FD5-A10B-4570-AEA0-92C58EA81CB7}.Release|Any CPU.ActiveCfg = Release|Any CPU
		{89A29FD5-A10B-4570-AEA0-92C58EA81CB7}.Release|Any CPU.Build.0 = Release|Any CPU
		{89A29FD5-A10B-4570-AEA0-92C58EA81CB7}.Release|x64.ActiveCfg = Release|Any CPU
		{89A29FD5-A10B-4570-AEA0-92C58EA81CB7}.Release|x64.Build.0 = Release|Any CPU
		{89A29FD5-A10B-4570-AEA0-92C58EA81CB7}.Release|x86.ActiveCfg = Release|Any CPU
		{89A29FD5-A10B-4570-AEA0-92C58EA81CB7}.Release|x86.Build.0 = Release|Any CPU
	EndGlobalSection
	GlobalSection(NestedProjects) = preSolution
		{0F8D7A10-7B58-11EA-8971-4502819EAACF} = {BA3C59F0-7B57-11EA-8971-4502819EAACF}
		{89A29FD5-A10B-4570-AEA0-92C58EA81CB7} = {C293D1A0-7B57-11EA-8971-4502819EAACF}
		{C293D1A0-7B57-11EA-8971-4502819EAACF} = {BA3C59F0-7B57-11EA-8971-4502819EAACF}
		{BA3C59F0-7B57-11EA-8971-4502819EAACF} = {658AD530-7B57-11EA-8971-4502819EAACF}
		{AEC6B250-7B57-11EA-8971-4502819EAACF} = {658AD530-7B57-11EA-8971-4502819EAACF}
		{A20A0BC0-7B57-11EA-8971-4502819EAACF} = {658AD530-7B57-11EA-8971-4502819EAACF}
		{B007841C-39B4-4908-A0A7-292172C8B279} = {69CF5CB0-7B57-11EA-8971-4502819EAACF}
		{AAD2068F-E127-4A75-8E16-745E2674AEF1} = {69CF5CB0-7B57-11EA-8971-4502819EAACF}
		{1B21B0C4-BC8D-4CE5-A917-839D227FD8CB} = {658AD530-7B57-11EA-8971-4502819EAACF}
		{5ACE27ED-7214-472E-9C97-652097DA5489} = {0F8D7A10-7B58-11EA-8971-4502819EAACF}
		{EF684543-7155-4391-8DC9-539305F565FF} = {AEC6B250-7B57-11EA-8971-4502819EAACF}
		{CED74313-821D-41F8-A726-437173A54450} = {C293D1A0-7B57-11EA-8971-4502819EAACF}
		{559D5A72-8107-47D0-AFA2-63588B26BE61} = {69CF5CB0-7B57-11EA-8971-4502819EAACF}
		{56DBB575-3763-46A8-AC37-904DBB2442C9} = {A20A0BC0-7B57-11EA-8971-4502819EAACF}
	EndGlobalSection
EndGlobal
