
Microsoft Visual Studio Solution File, Format Version 12.00
# Visual Studio Version 16
VisualStudioVersion = 16.0.28803.156
MinimumVisualStudioVersion = 10.0.40219.1
Project("{9A19103F-16F7-4668-BE54-9A1E7A4F7556}") = "SingleSignOn", "src\0 - Presentation\SingleSignOn\SingleSignOn.csproj", "{9D428B2E-3407-4751-B406-EBFDEAE3DCC3}"
EndProject
Project("{9A19103F-16F7-4668-BE54-9A1E7A4F7556}") = "SingleSignOn.Domain", "src\1 - Domain\SingleSignOn.Domain\SingleSignOn.Domain.csproj", "{F7F5C161-32CC-4DF9-9716-11CCA468DE59}"
EndProject
Project("{9A19103F-16F7-4668-BE54-9A1E7A4F7556}") = "SingleSignOn.Data", "src\2 - Infra\SingleSignOn.Data\SingleSignOn.Data.csproj", "{598BA455-296A-440B-8B16-F98D9291A2CC}"
EndProject
Project("{9A19103F-16F7-4668-BE54-9A1E7A4F7556}") = "SingleSignOn.Domain.Tests", "tests\SingleSignOn.Domain.Tests\SingleSignOn.Domain.Tests.csproj", "{1D1BBB88-E983-406A-9936-130DDF62F712}"
EndProject
Project("{9A19103F-16F7-4668-BE54-9A1E7A4F7556}") = "SingleSignOn.Utils", "src\2 - Infra\SingleSignOn.Utils\SingleSignOn.Utils.csproj", "{F307EA2C-4271-40F1-AAF2-0E53FB266E40}"
EndProject
Project("{9A19103F-16F7-4668-BE54-9A1E7A4F7556}") = "SingleSignOn.Caching", "src\2 - Infra\SingleSignOn.Caching\SingleSignOn.Caching.csproj", "{00F5054A-A155-4C98-85C7-269A543D3E82}"
EndProject
Project("{9A19103F-16F7-4668-BE54-9A1E7A4F7556}") = "SingleSignOn.StartupServices", "src\2 - Infra\SingleSignOn.StartupServices\SingleSignOn.StartupServices.csproj", "{A7B43E16-2B22-4E1E-8772-8503C62FFC2F}"
EndProject
Project("{9A19103F-16F7-4668-BE54-9A1E7A4F7556}") = "SingleSignOn.Api.Tests", "tests\SingleSignOn.Api.Tests\SingleSignOn.Api.Tests.csproj", "{911753B4-7580-4CBC-AA60-AD59F09B37AF}"
EndProject
Project("{9A19103F-16F7-4668-BE54-9A1E7A4F7556}") = "SingleSignOn.Tests.Shared", "tests\SingleSignOn.Tests.Shared\SingleSignOn.Tests.Shared.csproj", "{6A5E08E7-9D2A-4C24-98E4-E90F90EE0D5E}"
EndProject
Project("{2150E333-8FDC-42A3-9474-1A3956D46DE8}") = "Solution Items", "Solution Items", "{36B1085D-E133-4031-B9CC-486E982218FF}"
	ProjectSection(SolutionItems) = preProject
		README.txt = README.txt
	EndProjectSection
EndProject
Project("{2150E333-8FDC-42A3-9474-1A3956D46DE8}") = "src", "src", "{EB693898-DB39-4B05-971B-0DDABB2475B4}"
EndProject
Project("{2150E333-8FDC-42A3-9474-1A3956D46DE8}") = "tests", "tests", "{DA377BB0-03FE-4501-84EB-7D72580635A9}"
EndProject
Project("{2150E333-8FDC-42A3-9474-1A3956D46DE8}") = "0 - Presentation", "0 - Presentation", "{FD7D0A0B-B728-453B-8D48-7CA53D1310A8}"
EndProject
Project("{2150E333-8FDC-42A3-9474-1A3956D46DE8}") = "1 - Domain", "1 - Domain", "{DA9EB8ED-8ED2-4C09-A12B-BA02A6B41C9E}"
EndProject
Project("{2150E333-8FDC-42A3-9474-1A3956D46DE8}") = "2 - Infra", "2 - Infra", "{20263A8C-46B0-489C-A19D-2E8F2A64F32F}"
EndProject
Global
	GlobalSection(SolutionConfigurationPlatforms) = preSolution
		Debug|Any CPU = Debug|Any CPU
		Release|Any CPU = Release|Any CPU
	EndGlobalSection
	GlobalSection(ProjectConfigurationPlatforms) = postSolution
		{9D428B2E-3407-4751-B406-EBFDEAE3DCC3}.Debug|Any CPU.ActiveCfg = Debug|Any CPU
		{9D428B2E-3407-4751-B406-EBFDEAE3DCC3}.Debug|Any CPU.Build.0 = Debug|Any CPU
		{9D428B2E-3407-4751-B406-EBFDEAE3DCC3}.Release|Any CPU.ActiveCfg = Release|Any CPU
		{9D428B2E-3407-4751-B406-EBFDEAE3DCC3}.Release|Any CPU.Build.0 = Release|Any CPU
		{F7F5C161-32CC-4DF9-9716-11CCA468DE59}.Debug|Any CPU.ActiveCfg = Debug|Any CPU
		{F7F5C161-32CC-4DF9-9716-11CCA468DE59}.Debug|Any CPU.Build.0 = Debug|Any CPU
		{F7F5C161-32CC-4DF9-9716-11CCA468DE59}.Release|Any CPU.ActiveCfg = Release|Any CPU
		{F7F5C161-32CC-4DF9-9716-11CCA468DE59}.Release|Any CPU.Build.0 = Release|Any CPU
		{598BA455-296A-440B-8B16-F98D9291A2CC}.Debug|Any CPU.ActiveCfg = Debug|Any CPU
		{598BA455-296A-440B-8B16-F98D9291A2CC}.Debug|Any CPU.Build.0 = Debug|Any CPU
		{598BA455-296A-440B-8B16-F98D9291A2CC}.Release|Any CPU.ActiveCfg = Release|Any CPU
		{598BA455-296A-440B-8B16-F98D9291A2CC}.Release|Any CPU.Build.0 = Release|Any CPU
		{1D1BBB88-E983-406A-9936-130DDF62F712}.Debug|Any CPU.ActiveCfg = Debug|Any CPU
		{1D1BBB88-E983-406A-9936-130DDF62F712}.Debug|Any CPU.Build.0 = Debug|Any CPU
		{1D1BBB88-E983-406A-9936-130DDF62F712}.Release|Any CPU.ActiveCfg = Release|Any CPU
		{1D1BBB88-E983-406A-9936-130DDF62F712}.Release|Any CPU.Build.0 = Release|Any CPU
		{F307EA2C-4271-40F1-AAF2-0E53FB266E40}.Debug|Any CPU.ActiveCfg = Debug|Any CPU
		{F307EA2C-4271-40F1-AAF2-0E53FB266E40}.Debug|Any CPU.Build.0 = Debug|Any CPU
		{F307EA2C-4271-40F1-AAF2-0E53FB266E40}.Release|Any CPU.ActiveCfg = Release|Any CPU
		{F307EA2C-4271-40F1-AAF2-0E53FB266E40}.Release|Any CPU.Build.0 = Release|Any CPU
		{00F5054A-A155-4C98-85C7-269A543D3E82}.Debug|Any CPU.ActiveCfg = Debug|Any CPU
		{00F5054A-A155-4C98-85C7-269A543D3E82}.Debug|Any CPU.Build.0 = Debug|Any CPU
		{00F5054A-A155-4C98-85C7-269A543D3E82}.Release|Any CPU.ActiveCfg = Release|Any CPU
		{00F5054A-A155-4C98-85C7-269A543D3E82}.Release|Any CPU.Build.0 = Release|Any CPU
		{A7B43E16-2B22-4E1E-8772-8503C62FFC2F}.Debug|Any CPU.ActiveCfg = Debug|Any CPU
		{A7B43E16-2B22-4E1E-8772-8503C62FFC2F}.Debug|Any CPU.Build.0 = Debug|Any CPU
		{A7B43E16-2B22-4E1E-8772-8503C62FFC2F}.Release|Any CPU.ActiveCfg = Release|Any CPU
		{A7B43E16-2B22-4E1E-8772-8503C62FFC2F}.Release|Any CPU.Build.0 = Release|Any CPU
		{911753B4-7580-4CBC-AA60-AD59F09B37AF}.Debug|Any CPU.ActiveCfg = Debug|Any CPU
		{911753B4-7580-4CBC-AA60-AD59F09B37AF}.Debug|Any CPU.Build.0 = Debug|Any CPU
		{911753B4-7580-4CBC-AA60-AD59F09B37AF}.Release|Any CPU.ActiveCfg = Release|Any CPU
		{911753B4-7580-4CBC-AA60-AD59F09B37AF}.Release|Any CPU.Build.0 = Release|Any CPU
		{6A5E08E7-9D2A-4C24-98E4-E90F90EE0D5E}.Debug|Any CPU.ActiveCfg = Debug|Any CPU
		{6A5E08E7-9D2A-4C24-98E4-E90F90EE0D5E}.Debug|Any CPU.Build.0 = Debug|Any CPU
		{6A5E08E7-9D2A-4C24-98E4-E90F90EE0D5E}.Release|Any CPU.ActiveCfg = Release|Any CPU
		{6A5E08E7-9D2A-4C24-98E4-E90F90EE0D5E}.Release|Any CPU.Build.0 = Release|Any CPU
	EndGlobalSection
	GlobalSection(SolutionProperties) = preSolution
		HideSolutionNode = FALSE
	EndGlobalSection
	GlobalSection(NestedProjects) = preSolution
		{9D428B2E-3407-4751-B406-EBFDEAE3DCC3} = {FD7D0A0B-B728-453B-8D48-7CA53D1310A8}
		{F7F5C161-32CC-4DF9-9716-11CCA468DE59} = {DA9EB8ED-8ED2-4C09-A12B-BA02A6B41C9E}
		{598BA455-296A-440B-8B16-F98D9291A2CC} = {20263A8C-46B0-489C-A19D-2E8F2A64F32F}
		{1D1BBB88-E983-406A-9936-130DDF62F712} = {DA377BB0-03FE-4501-84EB-7D72580635A9}
		{F307EA2C-4271-40F1-AAF2-0E53FB266E40} = {20263A8C-46B0-489C-A19D-2E8F2A64F32F}
		{00F5054A-A155-4C98-85C7-269A543D3E82} = {20263A8C-46B0-489C-A19D-2E8F2A64F32F}
		{A7B43E16-2B22-4E1E-8772-8503C62FFC2F} = {20263A8C-46B0-489C-A19D-2E8F2A64F32F}
		{911753B4-7580-4CBC-AA60-AD59F09B37AF} = {DA377BB0-03FE-4501-84EB-7D72580635A9}
		{6A5E08E7-9D2A-4C24-98E4-E90F90EE0D5E} = {DA377BB0-03FE-4501-84EB-7D72580635A9}
		{FD7D0A0B-B728-453B-8D48-7CA53D1310A8} = {EB693898-DB39-4B05-971B-0DDABB2475B4}
		{DA9EB8ED-8ED2-4C09-A12B-BA02A6B41C9E} = {EB693898-DB39-4B05-971B-0DDABB2475B4}
		{20263A8C-46B0-489C-A19D-2E8F2A64F32F} = {EB693898-DB39-4B05-971B-0DDABB2475B4}
	EndGlobalSection
	GlobalSection(ExtensibilityGlobals) = postSolution
		SolutionGuid = {8CD6A7F3-1006-48F2-90DF-7D03C430E1B1}
	EndGlobalSection
EndGlobal
