
Microsoft Visual Studio Solution File, Format Version 12.00
# Visual Studio Version 16
VisualStudioVersion = 16.0.28803.156
MinimumVisualStudioVersion = 10.0.40219.1
Project("{9A19103F-16F7-4668-BE54-9A1E7A4F7556}") = "SingleSignOn", "SingleSignOn\SingleSignOn.csproj", "{9D428B2E-3407-4751-B406-EBFDEAE3DCC3}"
EndProject
Project("{9A19103F-16F7-4668-BE54-9A1E7A4F7556}") = "SingleSignOn.Domain", "SingleSignOn.Domain\SingleSignOn.Domain.csproj", "{F7F5C161-32CC-4DF9-9716-11CCA468DE59}"
EndProject
Project("{9A19103F-16F7-4668-BE54-9A1E7A4F7556}") = "SingleSignOn.Data", "SingleSignOn.Data\SingleSignOn.Data.csproj", "{598BA455-296A-440B-8B16-F98D9291A2CC}"
EndProject
Project("{2150E333-8FDC-42A3-9474-1A3956D46DE8}") = "0 - Presentation", "0 - Presentation", "{1641BDC7-1C87-489C-9CE1-98B972F2AC03}"
EndProject
Project("{2150E333-8FDC-42A3-9474-1A3956D46DE8}") = "1 - Domain", "1 - Domain", "{C016AF8D-56C0-433B-9AE9-7A6AFC7CBC20}"
EndProject
Project("{2150E333-8FDC-42A3-9474-1A3956D46DE8}") = "2 - Infra", "2 - Infra", "{3C5B31A0-2B0E-4D23-B0E4-78129A307DBC}"
EndProject
Project("{2150E333-8FDC-42A3-9474-1A3956D46DE8}") = "src", "src", "{8D7A76F0-C213-471F-848F-5C15E3BBCBC6}"
EndProject
Project("{2150E333-8FDC-42A3-9474-1A3956D46DE8}") = "tests", "tests", "{31C56C13-9C12-4178-9B7D-8AEB730A8275}"
EndProject
Project("{9A19103F-16F7-4668-BE54-9A1E7A4F7556}") = "SingleSignOn.Domain.Tests", "SingleSignOn.Domain.Tests\SingleSignOn.Domain.Tests.csproj", "{1D1BBB88-E983-406A-9936-130DDF62F712}"
EndProject
Project("{9A19103F-16F7-4668-BE54-9A1E7A4F7556}") = "SingleSignOn.Utils", "SingleSignOn.Utils\SingleSignOn.Utils.csproj", "{F307EA2C-4271-40F1-AAF2-0E53FB266E40}"
EndProject
Project("{9A19103F-16F7-4668-BE54-9A1E7A4F7556}") = "SingleSignOn.Caching", "SingleSignOn.Caching\SingleSignOn.Caching.csproj", "{00F5054A-A155-4C98-85C7-269A543D3E82}"
EndProject
Project("{9A19103F-16F7-4668-BE54-9A1E7A4F7556}") = "SingleSignOn.StartupServices", "SingleSignOn.StartupServices\SingleSignOn.StartupServices.csproj", "{A7B43E16-2B22-4E1E-8772-8503C62FFC2F}"
EndProject
Project("{FAE04EC0-301F-11D3-BF4B-00C04F79EFBC}") = "SingleSignOn.Api.Tests", "SingleSignOn.Api.Tests\SingleSignOn.Api.Tests.csproj", "{911753B4-7580-4CBC-AA60-AD59F09B37AF}"
EndProject
Project("{FAE04EC0-301F-11D3-BF4B-00C04F79EFBC}") = "SingleSignOn.Tests.Shared", "SingleSignOn.Tests.Shared\SingleSignOn.Tests.Shared.csproj", "{6A5E08E7-9D2A-4C24-98E4-E90F90EE0D5E}"
EndProject
Project("{2150E333-8FDC-42A3-9474-1A3956D46DE8}") = "Solution Items", "Solution Items", "{36B1085D-E133-4031-B9CC-486E982218FF}"
	ProjectSection(SolutionItems) = preProject
		README.txt = README.txt
	EndProjectSection
EndProject
Global
	GlobalSection(SolutionConfigurationPlatforms) = preSolution
		Debug|Any CPU = Debug|Any CPU
		Release|Any CPU = Release|Any CPU
	EndGlobalSection
	GlobalSection(ProjectConfigurationPlatforms) = postSolution
		{9D428B2E-3407-4751-B406-EBFDEAE3DCC3}.Debug|Any CPU.ActiveCfg = Debug|Any CPU
		{9D428B2E-3407-4751-B406-EBFDEAE3DCC3}.Debug|Any CPU.Build.0 = Debug|Any CPU
		{9D428B2E-3407-4751-B406-EBFDEAE3DCC3}.Release|Any CPU.ActiveCfg = Release|Any CPU
		{9D428B2E-3407-4751-B406-EBFDEAE3DCC3}.Release|Any CPU.Build.0 = Release|Any CPU
		{F7F5C161-32CC-4DF9-9716-11CCA468DE59}.Debug|Any CPU.ActiveCfg = Debug|Any CPU
		{F7F5C161-32CC-4DF9-9716-11CCA468DE59}.Debug|Any CPU.Build.0 = Debug|Any CPU
		{F7F5C161-32CC-4DF9-9716-11CCA468DE59}.Release|Any CPU.ActiveCfg = Release|Any CPU
		{F7F5C161-32CC-4DF9-9716-11CCA468DE59}.Release|Any CPU.Build.0 = Release|Any CPU
		{598BA455-296A-440B-8B16-F98D9291A2CC}.Debug|Any CPU.ActiveCfg = Debug|Any CPU
		{598BA455-296A-440B-8B16-F98D9291A2CC}.Debug|Any CPU.Build.0 = Debug|Any CPU
		{598BA455-296A-440B-8B16-F98D9291A2CC}.Release|Any CPU.ActiveCfg = Release|Any CPU
		{598BA455-296A-440B-8B16-F98D9291A2CC}.Release|Any CPU.Build.0 = Release|Any CPU
		{1D1BBB88-E983-406A-9936-130DDF62F712}.Debug|Any CPU.ActiveCfg = Debug|Any CPU
		{1D1BBB88-E983-406A-9936-130DDF62F712}.Debug|Any CPU.Build.0 = Debug|Any CPU
		{1D1BBB88-E983-406A-9936-130DDF62F712}.Release|Any CPU.ActiveCfg = Release|Any CPU
		{1D1BBB88-E983-406A-9936-130DDF62F712}.Release|Any CPU.Build.0 = Release|Any CPU
		{F307EA2C-4271-40F1-AAF2-0E53FB266E40}.Debug|Any CPU.ActiveCfg = Debug|Any CPU
		{F307EA2C-4271-40F1-AAF2-0E53FB266E40}.Debug|Any CPU.Build.0 = Debug|Any CPU
		{F307EA2C-4271-40F1-AAF2-0E53FB266E40}.Release|Any CPU.ActiveCfg = Release|Any CPU
		{F307EA2C-4271-40F1-AAF2-0E53FB266E40}.Release|Any CPU.Build.0 = Release|Any CPU
		{00F5054A-A155-4C98-85C7-269A543D3E82}.Debug|Any CPU.ActiveCfg = Debug|Any CPU
		{00F5054A-A155-4C98-85C7-269A543D3E82}.Debug|Any CPU.Build.0 = Debug|Any CPU
		{00F5054A-A155-4C98-85C7-269A543D3E82}.Release|Any CPU.ActiveCfg = Release|Any CPU
		{00F5054A-A155-4C98-85C7-269A543D3E82}.Release|Any CPU.Build.0 = Release|Any CPU
		{A7B43E16-2B22-4E1E-8772-8503C62FFC2F}.Debug|Any CPU.ActiveCfg = Debug|Any CPU
		{A7B43E16-2B22-4E1E-8772-8503C62FFC2F}.Debug|Any CPU.Build.0 = Debug|Any CPU
		{A7B43E16-2B22-4E1E-8772-8503C62FFC2F}.Release|Any CPU.ActiveCfg = Release|Any CPU
		{A7B43E16-2B22-4E1E-8772-8503C62FFC2F}.Release|Any CPU.Build.0 = Release|Any CPU
		{911753B4-7580-4CBC-AA60-AD59F09B37AF}.Debug|Any CPU.ActiveCfg = Debug|Any CPU
		{911753B4-7580-4CBC-AA60-AD59F09B37AF}.Debug|Any CPU.Build.0 = Debug|Any CPU
		{911753B4-7580-4CBC-AA60-AD59F09B37AF}.Release|Any CPU.ActiveCfg = Release|Any CPU
		{911753B4-7580-4CBC-AA60-AD59F09B37AF}.Release|Any CPU.Build.0 = Release|Any CPU
		{6A5E08E7-9D2A-4C24-98E4-E90F90EE0D5E}.Debug|Any CPU.ActiveCfg = Debug|Any CPU
		{6A5E08E7-9D2A-4C24-98E4-E90F90EE0D5E}.Debug|Any CPU.Build.0 = Debug|Any CPU
		{6A5E08E7-9D2A-4C24-98E4-E90F90EE0D5E}.Release|Any CPU.ActiveCfg = Release|Any CPU
		{6A5E08E7-9D2A-4C24-98E4-E90F90EE0D5E}.Release|Any CPU.Build.0 = Release|Any CPU
	EndGlobalSection
	GlobalSection(SolutionProperties) = preSolution
		HideSolutionNode = FALSE
	EndGlobalSection
	GlobalSection(NestedProjects) = preSolution
		{9D428B2E-3407-4751-B406-EBFDEAE3DCC3} = {1641BDC7-1C87-489C-9CE1-98B972F2AC03}
		{F7F5C161-32CC-4DF9-9716-11CCA468DE59} = {C016AF8D-56C0-433B-9AE9-7A6AFC7CBC20}
		{598BA455-296A-440B-8B16-F98D9291A2CC} = {3C5B31A0-2B0E-4D23-B0E4-78129A307DBC}
		{1641BDC7-1C87-489C-9CE1-98B972F2AC03} = {8D7A76F0-C213-471F-848F-5C15E3BBCBC6}
		{C016AF8D-56C0-433B-9AE9-7A6AFC7CBC20} = {8D7A76F0-C213-471F-848F-5C15E3BBCBC6}
		{3C5B31A0-2B0E-4D23-B0E4-78129A307DBC} = {8D7A76F0-C213-471F-848F-5C15E3BBCBC6}
		{1D1BBB88-E983-406A-9936-130DDF62F712} = {31C56C13-9C12-4178-9B7D-8AEB730A8275}
		{F307EA2C-4271-40F1-AAF2-0E53FB266E40} = {3C5B31A0-2B0E-4D23-B0E4-78129A307DBC}
		{00F5054A-A155-4C98-85C7-269A543D3E82} = {3C5B31A0-2B0E-4D23-B0E4-78129A307DBC}
		{A7B43E16-2B22-4E1E-8772-8503C62FFC2F} = {3C5B31A0-2B0E-4D23-B0E4-78129A307DBC}
		{911753B4-7580-4CBC-AA60-AD59F09B37AF} = {31C56C13-9C12-4178-9B7D-8AEB730A8275}
		{6A5E08E7-9D2A-4C24-98E4-E90F90EE0D5E} = {31C56C13-9C12-4178-9B7D-8AEB730A8275}
	EndGlobalSection
	GlobalSection(ExtensibilityGlobals) = postSolution
		SolutionGuid = {8CD6A7F3-1006-48F2-90DF-7D03C430E1B1}
	EndGlobalSection
EndGlobal
